PODS:
  - camera_desktop (1.2.1):
    - FlutterMacOS
  - FlutterMacOS (1.0.0)

DEPENDENCIES:
  - camera_desktop (from `Flutter/ephemeral/.symlinks/plugins/camera_desktop/macos`)
  - FlutterMacOS (from `Flutter/ephemeral`)

EXTERNAL SOURCES:
  camera_desktop:
    :path: Flutter/ephemeral/.symlinks/plugins/camera_desktop/macos
  FlutterMacOS:
    :path: Flutter/ephemeral

SPEC CHECKSUMS:
  camera_desktop: 5c466254897c92cc46f6169d95fe7bd20b50ca1f
  FlutterMacOS: d0db08ddef1a9af05a5ec4b724367152bb0500b1

PODFILE CHECKSUM: 54d867c82ac51cbd61b565781b9fada492027009

COCOAPODS: 1.16.2
